// !$*UTF8*$!
{
	archiveVersion = 1;
	classes = {
	};
	objectVersion = 55;
	objects = {

/* Begin PBXBuildFile section */
		FF1A156428368F8600A763DA /* click-sound.mp3 in Resources */ = {isa = PBXBuildFile; fileRef = FF1A156328368F8500A763DA /* click-sound.mp3 */; };
		FF1A1567283D410200A763DA /* UIInterfaceDelegate.swift in Sources */ = {isa = PBXBuildFile; fileRef = FF1A1566283D410200A763DA /* UIInterfaceDelegate.swift */; };
		FF1A1569283D410C00A763DA /* UIControlDelegate.swift in Sources */ = {isa = PBXBuildFile; fileRef = FF1A1568283D410C00A763DA /* UIControlDelegate.swift */; };
		FF1A156C283D419A00A763DA /* HeaderViewController.swift in Sources */ = {isa = PBXBuildFile; fileRef = FF1A156B283D419A00A763DA /* HeaderViewController.swift */; };
		FF1A156E283D41BB00A763DA /* MenuViewController.swift in Sources */ = {isa = PBXBuildFile; fileRef = FF1A156D283D41BB00A763DA /* MenuViewController.swift */; };
		FF1A1570283D41E200A763DA /* Theme.swift in Sources */ = {isa = PBXBuildFile; fileRef = FF1A156F283D41E200A763DA /* Theme.swift */; };
		FF1A1576283D422F00A763DA /* Unit.swift in Sources */ = {isa = PBXBuildFile; fileRef = FF1A1575283D422F00A763DA /* Unit.swift */; };
		FF1A1578283D42AB00A763DA /* UnitContainer.swift in Sources */ = {isa = PBXBuildFile; fileRef = FF1A1577283D42AB00A763DA /* UnitContainer.swift */; };
		FF1A157A283D436300A763DA /* Themes.swift in Sources */ = {isa = PBXBuildFile; fileRef = FF1A1579283D436300A763DA /* Themes.swift */; };
		FF1A157C283D437E00A763DA /* Device.swift in Sources */ = {isa = PBXBuildFile; fileRef = FF1A157B283D437E00A763DA /* Device.swift */; };
		FF1A157E283D438500A763DA /* Dimensions.swift in Sources */ = {isa = PBXBuildFile; fileRef = FF1A157D283D438500A763DA /* Dimensions.swift */; };
		FF1A1580283D441000A763DA /* ColorController.swift in Sources */ = {isa = PBXBuildFile; fileRef = FF1A157F283D441000A763DA /* ColorController.swift */; };
		FF1A1584283D4DF300A763DA /* Currency.swift in Sources */ = {isa = PBXBuildFile; fileRef = FF1A1583283D4DF300A763DA /* Currency.swift */; };
		FF1A1586283D4E4A00A763DA /* Time.swift in Sources */ = {isa = PBXBuildFile; fileRef = FF1A1585283D4E4A00A763DA /* Time.swift */; };
		FF1A1588283D4E6800A763DA /* Length.swift in Sources */ = {isa = PBXBuildFile; fileRef = FF1A1587283D4E6800A763DA /* Length.swift */; };
		FF1A158A283D4E7200A763DA /* Mass.swift in Sources */ = {isa = PBXBuildFile; fileRef = FF1A1589283D4E7200A763DA /* Mass.swift */; };
		FF1A158C283D4F2200A763DA /* UIMenuActionButton.swift in Sources */ = {isa = PBXBuildFile; fileRef = FF1A158B283D4F2200A763DA /* UIMenuActionButton.swift */; };
		FF1A158E283D4F3500A763DA /* UIThemeView.swift in Sources */ = {isa = PBXBuildFile; fileRef = FF1A158D283D4F3500A763DA /* UIThemeView.swift */; };
		FF1A1590283D4F7200A763DA /* UICurrencyTableCell.swift in Sources */ = {isa = PBXBuildFile; fileRef = FF1A158F283D4F7200A763DA /* UICurrencyTableCell.swift */; };
		FF1A1593283D53F300A763DA /* CurrencyController.swift in Sources */ = {isa = PBXBuildFile; fileRef = FF1A1592283D53F300A763DA /* CurrencyController.swift */; };
		FF1A1595283D544700A763DA /* TimeController.swift in Sources */ = {isa = PBXBuildFile; fileRef = FF1A1594283D544700A763DA /* TimeController.swift */; };
		FF1A1597283D544D00A763DA /* LengthController.swift in Sources */ = {isa = PBXBuildFile; fileRef = FF1A1596283D544D00A763DA /* LengthController.swift */; };
		FF1A1599283D545800A763DA /* MassController.swift in Sources */ = {isa = PBXBuildFile; fileRef = FF1A1598283D545800A763DA /* MassController.swift */; };
		FF1A159B283D547E00A763DA /* CalculatorEntryController.swift in Sources */ = {isa = PBXBuildFile; fileRef = FF1A159A283D547E00A763DA /* CalculatorEntryController.swift */; };
		FF1A159D283D571E00A763DA /* SavedCurrencyController.swift in Sources */ = {isa = PBXBuildFile; fileRef = FF1A159C283D571E00A763DA /* SavedCurrencyController.swift */; };
		FF1A159F283D599000A763DA /* UIkeypadButton.swift in Sources */ = {isa = PBXBuildFile; fileRef = FF1A159E283D599000A763DA /* UIkeypadButton.swift */; };
		FF1A15A1283D59AC00A763DA /* UIKeypadRow.swift in Sources */ = {isa = PBXBuildFile; fileRef = FF1A15A0283D59AC00A763DA /* UIKeypadRow.swift */; };
		FF47808128428638006C28F5 /* Extends_NumberFormatter.swift in Sources */ = {isa = PBXBuildFile; fileRef = FF47808028428638006C28F5 /* Extends_NumberFormatter.swift */; };
		FF48485227F09C2E002CD220 /* AppDelegate.swift in Sources */ = {isa = PBXBuildFile; fileRef = FF48485127F09C2E002CD220 /* AppDelegate.swift */; };
		FF48485427F09C2E002CD220 /* SceneDelegate.swift in Sources */ = {isa = PBXBuildFile; fileRef = FF48485327F09C2E002CD220 /* SceneDelegate.swift */; };
		FF48485627F09C2E002CD220 /* ViewController.swift in Sources */ = {isa = PBXBuildFile; fileRef = FF48485527F09C2E002CD220 /* ViewController.swift */; };
		FF48485927F09C2F002CD220 /* Main.storyboard in Resources */ = {isa = PBXBuildFile; fileRef = FF48485727F09C2F002CD220 /* Main.storyboard */; };
		FF48485B27F09C35002CD220 /* Assets.xcassets in Resources */ = {isa = PBXBuildFile; fileRef = FF48485A27F09C35002CD220 /* Assets.xcassets */; };
		FF48485E27F09C35002CD220 /* LaunchScreen.storyboard in Resources */ = {isa = PBXBuildFile; fileRef = FF48485C27F09C35002CD220 /* LaunchScreen.storyboard */; };
		FF48486927F09C36002CD220 /* calcTests.swift in Sources */ = {isa = PBXBuildFile; fileRef = FF48486827F09C36002CD220 /* calcTests.swift */; };
		FF48487327F09C36002CD220 /* calcUITests.swift in Sources */ = {isa = PBXBuildFile; fileRef = FF48487227F09C36002CD220 /* calcUITests.swift */; };
		FF48487527F09C36002CD220 /* calcUITestsLaunchTests.swift in Sources */ = {isa = PBXBuildFile; fileRef = FF48487427F09C36002CD220 /* calcUITestsLaunchTests.swift */; };
		FF48488227F472F3002CD220 /* UIkeypadView.swift in Sources */ = {isa = PBXBuildFile; fileRef = FF48488127F472F3002CD220 /* UIkeypadView.swift */; };
		FF48488427FF5C76002CD220 /* Currency-list.txt in Resources */ = {isa = PBXBuildFile; fileRef = FF48488327FF0CF9002CD220 /* Currency-list.txt */; };
		FF930DC228140716000ED6A7 /* SearchUnitViewController.swift in Sources */ = {isa = PBXBuildFile; fileRef = FF930DC128140716000ED6A7 /* SearchUnitViewController.swift */; };
		FF930DC42814073F000ED6A7 /* ThemeViewController.swift in Sources */ = {isa = PBXBuildFile; fileRef = FF930DC32814073F000ED6A7 /* ThemeViewController.swift */; };
		FF930DC6282583D3000ED6A7 /* CalculatorHandler.swift in Sources */ = {isa = PBXBuildFile; fileRef = FF930DC5282583D3000ED6A7 /* CalculatorHandler.swift */; };
		FF930DC828258409000ED6A7 /* UICalculationRow.swift in Sources */ = {isa = PBXBuildFile; fileRef = FF930DC728258409000ED6A7 /* UICalculationRow.swift */; };
		FF930DCA28258414000ED6A7 /* UICalculationRowsController.swift in Sources */ = {isa = PBXBuildFile; fileRef = FF930DC928258414000ED6A7 /* UICalculationRowsController.swift */; };
		FF930DCC28258459000ED6A7 /* Units.swift in Sources */ = {isa = PBXBuildFile; fileRef = FF930DCB28258459000ED6A7 /* Units.swift */; };
/* End PBXBuildFile section */

/* Begin PBXContainerItemProxy section */
		FF48486527F09C36002CD220 /* PBXContainerItemProxy */ = {
			isa = PBXContainerItemProxy;
			containerPortal = FF48484627F09C2E002CD220 /* Project object */;
			proxyType = 1;
			remoteGlobalIDString = FF48484D27F09C2E002CD220;
			remoteInfo = calc;
		};
		FF48486F27F09C36002CD220 /* PBXContainerItemProxy */ = {
			isa = PBXContainerItemProxy;
			containerPortal = FF48484627F09C2E002CD220 /* Project object */;
			proxyType = 1;
			remoteGlobalIDString = FF48484D27F09C2E002CD220;
			remoteInfo = calc;
		};
/* End PBXContainerItemProxy section */

/* Begin PBXFileReference section */
		FF1A156328368F8500A763DA /* click-sound.mp3 */ = {isa = PBXFileReference; lastKnownFileType = audio.mp3; path = "click-sound.mp3"; sourceTree = "<group>"; };
		FF1A1566283D410200A763DA /* UIInterfaceDelegate.swift */ = {isa = PBXFileReference; lastKnownFileType = sourcecode.swift; path = UIInterfaceDelegate.swift; sourceTree = "<group>"; };
		FF1A1568283D410C00A763DA /* UIControlDelegate.swift */ = {isa = PBXFileReference; lastKnownFileType = sourcecode.swift; path = UIControlDelegate.swift; sourceTree = "<group>"; };
		FF1A156B283D419A00A763DA /* HeaderViewController.swift */ = {isa = PBXFileReference; lastKnownFileType = sourcecode.swift; path = HeaderViewController.swift; sourceTree = "<group>"; };
		FF1A156D283D41BB00A763DA /* MenuViewController.swift */ = {isa = PBXFileReference; lastKnownFileType = sourcecode.swift; path = MenuViewController.swift; sourceTree = "<group>"; };
		FF1A156F283D41E200A763DA /* Theme.swift */ = {isa = PBXFileReference; lastKnownFileType = sourcecode.swift; path = Theme.swift; sourceTree = "<group>"; };
		FF1A1575283D422F00A763DA /* Unit.swift */ = {isa = PBXFileReference; lastKnownFileType = sourcecode.swift; path = Unit.swift; sourceTree = "<group>"; };
		FF1A1577283D42AB00A763DA /* UnitContainer.swift */ = {isa = PBXFileReference; lastKnownFileType = sourcecode.swift; path = UnitContainer.swift; sourceTree = "<group>"; };
		FF1A1579283D436300A763DA /* Themes.swift */ = {isa = PBXFileReference; lastKnownFileType = sourcecode.swift; path = Themes.swift; sourceTree = "<group>"; };
		FF1A157B283D437E00A763DA /* Device.swift */ = {isa = PBXFileReference; lastKnownFileType = sourcecode.swift; path = Device.swift; sourceTree = "<group>"; };
		FF1A157D283D438500A763DA /* Dimensions.swift */ = {isa = PBXFileReference; lastKnownFileType = sourcecode.swift; path = Dimensions.swift; sourceTree = "<group>"; };
		FF1A157F283D441000A763DA /* ColorController.swift */ = {isa = PBXFileReference; lastKnownFileType = sourcecode.swift; path = ColorController.swift; sourceTree = "<group>"; };
		FF1A1583283D4DF300A763DA /* Currency.swift */ = {isa = PBXFileReference; lastKnownFileType = sourcecode.swift; path = Currency.swift; sourceTree = "<group>"; };
		FF1A1585283D4E4A00A763DA /* Time.swift */ = {isa = PBXFileReference; lastKnownFileType = sourcecode.swift; path = Time.swift; sourceTree = "<group>"; };
		FF1A1587283D4E6800A763DA /* Length.swift */ = {isa = PBXFileReference; lastKnownFileType = sourcecode.swift; path = Length.swift; sourceTree = "<group>"; };
		FF1A1589283D4E7200A763DA /* Mass.swift */ = {isa = PBXFileReference; lastKnownFileType = sourcecode.swift; path = Mass.swift; sourceTree = "<group>"; };
		FF1A158B283D4F2200A763DA /* UIMenuActionButton.swift */ = {isa = PBXFileReference; lastKnownFileType = sourcecode.swift; path = UIMenuActionButton.swift; sourceTree = "<group>"; };
		FF1A158D283D4F3500A763DA /* UIThemeView.swift */ = {isa = PBXFileReference; lastKnownFileType = sourcecode.swift; path = UIThemeView.swift; sourceTree = "<group>"; };
		FF1A158F283D4F7200A763DA /* UICurrencyTableCell.swift */ = {isa = PBXFileReference; lastKnownFileType = sourcecode.swift; path = UICurrencyTableCell.swift; sourceTree = "<group>"; };
		FF1A1592283D53F300A763DA /* CurrencyController.swift */ = {isa = PBXFileReference; lastKnownFileType = sourcecode.swift; path = CurrencyController.swift; sourceTree = "<group>"; };
		FF1A1594283D544700A763DA /* TimeController.swift */ = {isa = PBXFileReference; lastKnownFileType = sourcecode.swift; path = TimeController.swift; sourceTree = "<group>"; wrapsLines = 0; };
		FF1A1596283D544D00A763DA /* LengthController.swift */ = {isa = PBXFileReference; lastKnownFileType = sourcecode.swift; path = LengthController.swift; sourceTree = "<group>"; wrapsLines = 0; };
		FF1A1598283D545800A763DA /* MassController.swift */ = {isa = PBXFileReference; lastKnownFileType = sourcecode.swift; path = MassController.swift; sourceTree = "<group>"; };
		FF1A159A283D547E00A763DA /* CalculatorEntryController.swift */ = {isa = PBXFileReference; lastKnownFileType = sourcecode.swift; path = CalculatorEntryController.swift; sourceTree = "<group>"; };
		FF1A159C283D571E00A763DA /* SavedCurrencyController.swift */ = {isa = PBXFileReference; lastKnownFileType = sourcecode.swift; path = SavedCurrencyController.swift; sourceTree = "<group>"; };
		FF1A159E283D599000A763DA /* UIkeypadButton.swift */ = {isa = PBXFileReference; lastKnownFileType = sourcecode.swift; path = UIkeypadButton.swift; sourceTree = "<group>"; };
		FF1A15A0283D59AC00A763DA /* UIKeypadRow.swift */ = {isa = PBXFileReference; lastKnownFileType = sourcecode.swift; path = UIKeypadRow.swift; sourceTree = "<group>"; };
		FF47808028428638006C28F5 /* Extends_NumberFormatter.swift */ = {isa = PBXFileReference; lastKnownFileType = sourcecode.swift; path = Extends_NumberFormatter.swift; sourceTree = "<group>"; };
		FF48484E27F09C2E002CD220 /* calc.app */ = {isa = PBXFileReference; explicitFileType = wrapper.application; includeInIndex = 0; path = calc.app; sourceTree = BUILT_PRODUCTS_DIR; };
		FF48485127F09C2E002CD220 /* AppDelegate.swift */ = {isa = PBXFileReference; lastKnownFileType = sourcecode.swift; path = AppDelegate.swift; sourceTree = "<group>"; wrapsLines = 0; };
		FF48485327F09C2E002CD220 /* SceneDelegate.swift */ = {isa = PBXFileReference; lastKnownFileType = sourcecode.swift; path = SceneDelegate.swift; sourceTree = "<group>"; };
		FF48485527F09C2E002CD220 /* ViewController.swift */ = {isa = PBXFileReference; lastKnownFileType = sourcecode.swift; path = ViewController.swift; sourceTree = "<group>"; wrapsLines = 0; };
		FF48485827F09C2F002CD220 /* Base */ = {isa = PBXFileReference; lastKnownFileType = file.storyboard; name = Base; path = Base.lproj/Main.storyboard; sourceTree = "<group>"; };
		FF48485A27F09C35002CD220 /* Assets.xcassets */ = {isa = PBXFileReference; lastKnownFileType = folder.assetcatalog; path = Assets.xcassets; sourceTree = "<group>"; };
		FF48485D27F09C35002CD220 /* Base */ = {isa = PBXFileReference; lastKnownFileType = file.storyboard; name = Base; path = Base.lproj/LaunchScreen.storyboard; sourceTree = "<group>"; };
		FF48485F27F09C35002CD220 /* Info.plist */ = {isa = PBXFileReference; lastKnownFileType = text.plist.xml; path = Info.plist; sourceTree = "<group>"; };
		FF48486427F09C36002CD220 /* calcTests.xctest */ = {isa = PBXFileReference; explicitFileType = wrapper.cfbundle; includeInIndex = 0; path = calcTests.xctest; sourceTree = BUILT_PRODUCTS_DIR; };
		FF48486827F09C36002CD220 /* calcTests.swift */ = {isa = PBXFileReference; lastKnownFileType = sourcecode.swift; path = calcTests.swift; sourceTree = "<group>"; };
		FF48486E27F09C36002CD220 /* calcUITests.xctest */ = {isa = PBXFileReference; explicitFileType = wrapper.cfbundle; includeInIndex = 0; path = calcUITests.xctest; sourceTree = BUILT_PRODUCTS_DIR; };
		FF48487227F09C36002CD220 /* calcUITests.swift */ = {isa = PBXFileReference; lastKnownFileType = sourcecode.swift; path = calcUITests.swift; sourceTree = "<group>"; };
		FF48487427F09C36002CD220 /* calcUITestsLaunchTests.swift */ = {isa = PBXFileReference; lastKnownFileType = sourcecode.swift; path = calcUITestsLaunchTests.swift; sourceTree = "<group>"; };
		FF48488127F472F3002CD220 /* UIkeypadView.swift */ = {isa = PBXFileReference; lastKnownFileType = sourcecode.swift; path = UIkeypadView.swift; sourceTree = "<group>"; wrapsLines = 0; };
		FF48488327FF0CF9002CD220 /* Currency-list.txt */ = {isa = PBXFileReference; lastKnownFileType = text; path = "Currency-list.txt"; sourceTree = "<group>"; };
		FF930DC0280B70EE000ED6A7 /* TODO.md */ = {isa = PBXFileReference; lastKnownFileType = net.daringfireball.markdown; path = TODO.md; sourceTree = "<group>"; };
		FF930DC128140716000ED6A7 /* SearchUnitViewController.swift */ = {isa = PBXFileReference; lastKnownFileType = sourcecode.swift; path = SearchUnitViewController.swift; sourceTree = "<group>"; };
		FF930DC32814073F000ED6A7 /* ThemeViewController.swift */ = {isa = PBXFileReference; lastKnownFileType = sourcecode.swift; path = ThemeViewController.swift; sourceTree = "<group>"; };
		FF930DC5282583D3000ED6A7 /* CalculatorHandler.swift */ = {isa = PBXFileReference; lastKnownFileType = sourcecode.swift; path = CalculatorHandler.swift; sourceTree = "<group>"; };
		FF930DC728258409000ED6A7 /* UICalculationRow.swift */ = {isa = PBXFileReference; lastKnownFileType = sourcecode.swift; path = UICalculationRow.swift; sourceTree = "<group>"; wrapsLines = 0; };
		FF930DC928258414000ED6A7 /* UICalculationRowsController.swift */ = {isa = PBXFileReference; lastKnownFileType = sourcecode.swift; path = UICalculationRowsController.swift; sourceTree = "<group>"; };
		FF930DCB28258459000ED6A7 /* Units.swift */ = {isa = PBXFileReference; lastKnownFileType = sourcecode.swift; path = Units.swift; sourceTree = "<group>"; wrapsLines = 0; };
		FFB487E9282954EC00FF9988 /* ViewController.swift */ = {isa = PBXFileReference; lastKnownFileType = sourcecode.swift; path = ViewController.swift; sourceTree = "<group>"; };
/* End PBXFileReference section */

/* Begin PBXFrameworksBuildPhase section */
		FF48484B27F09C2E002CD220 /* Frameworks */ = {
			isa = PBXFrameworksBuildPhase;
			buildActionMask = 2147483647;
			files = (
			);
			runOnlyForDeploymentPostprocessing = 0;
		};
		FF48486127F09C36002CD220 /* Frameworks */ = {
			isa = PBXFrameworksBuildPhase;
			buildActionMask = 2147483647;
			files = (
			);
			runOnlyForDeploymentPostprocessing = 0;
		};
		FF48486B27F09C36002CD220 /* Frameworks */ = {
			isa = PBXFrameworksBuildPhase;
			buildActionMask = 2147483647;
			files = (
			);
			runOnlyForDeploymentPostprocessing = 0;
		};
/* End PBXFrameworksBuildPhase section */

/* Begin PBXGroup section */
		FF1A1565283D40CD00A763DA /* Delegates */ = {
			isa = PBXGroup;
			children = (
				FF1A1566283D410200A763DA /* UIInterfaceDelegate.swift */,
				FF1A1568283D410C00A763DA /* UIControlDelegate.swift */,
			);
			path = Delegates;
			sourceTree = "<group>";
		};
		FF1A156A283D417700A763DA /* View Controllers */ = {
			isa = PBXGroup;
			children = (
				FF48485527F09C2E002CD220 /* ViewController.swift */,
				FF930DC128140716000ED6A7 /* SearchUnitViewController.swift */,
				FF930DC32814073F000ED6A7 /* ThemeViewController.swift */,
				FF1A156B283D419A00A763DA /* HeaderViewController.swift */,
				FF1A156D283D41BB00A763DA /* MenuViewController.swift */,
			);
			path = "View Controllers";
			sourceTree = "<group>";
		};
		FF1A1571283D420400A763DA /* Objects */ = {
			isa = PBXGroup;
			children = (
				FF1A1581283D46B900A763DA /* Unit Types */,
				FF1A156F283D41E200A763DA /* Theme.swift */,
				FF1A1575283D422F00A763DA /* Unit.swift */,
				FF1A1577283D42AB00A763DA /* UnitContainer.swift */,
			);
			path = Objects;
			sourceTree = "<group>";
		};
		FF1A1572283D420A00A763DA /* Controllers */ = {
			isa = PBXGroup;
			children = (
				FF1A1582283D46C300A763DA /* Unit Containers */,
				FF1A1579283D436300A763DA /* Themes.swift */,
				FF1A157B283D437E00A763DA /* Device.swift */,
				FF1A157D283D438500A763DA /* Dimensions.swift */,
				FF1A157F283D441000A763DA /* ColorController.swift */,
				FF1A159A283D547E00A763DA /* CalculatorEntryController.swift */,
				FF1A159C283D571E00A763DA /* SavedCurrencyController.swift */,
			);
			path = Controllers;
			sourceTree = "<group>";
		};
		FF1A1574283D421300A763DA /* Views */ = {
			isa = PBXGroup;
			children = (
				FF1A1591283D511000A763DA /* Keypad */,
				FF1A158B283D4F2200A763DA /* UIMenuActionButton.swift */,
				FF930DC928258414000ED6A7 /* UICalculationRowsController.swift */,
				FF1A158D283D4F3500A763DA /* UIThemeView.swift */,
				FF1A158F283D4F7200A763DA /* UICurrencyTableCell.swift */,
				FF930DC728258409000ED6A7 /* UICalculationRow.swift */,
			);
			path = Views;
			sourceTree = "<group>";
		};
		FF1A1581283D46B900A763DA /* Unit Types */ = {
			isa = PBXGroup;
			children = (
				FF1A1583283D4DF300A763DA /* Currency.swift */,
				FF1A1585283D4E4A00A763DA /* Time.swift */,
				FF1A1587283D4E6800A763DA /* Length.swift */,
				FF1A1589283D4E7200A763DA /* Mass.swift */,
			);
			path = "Unit Types";
			sourceTree = "<group>";
		};
		FF1A1582283D46C300A763DA /* Unit Containers */ = {
			isa = PBXGroup;
			children = (
				FF1A1592283D53F300A763DA /* CurrencyController.swift */,
				FF1A1594283D544700A763DA /* TimeController.swift */,
				FF1A1596283D544D00A763DA /* LengthController.swift */,
				FF1A1598283D545800A763DA /* MassController.swift */,
			);
			path = "Unit Containers";
			sourceTree = "<group>";
		};
		FF1A1591283D511000A763DA /* Keypad */ = {
			isa = PBXGroup;
			children = (
				FF48488127F472F3002CD220 /* UIkeypadView.swift */,
				FF1A159E283D599000A763DA /* UIkeypadButton.swift */,
				FF1A15A0283D59AC00A763DA /* UIKeypadRow.swift */,
			);
			path = Keypad;
			sourceTree = "<group>";
		};
		FF47807F2842861E006C28F5 /* Extentions */ = {
			isa = PBXGroup;
			children = (
				FF47808028428638006C28F5 /* Extends_NumberFormatter.swift */,
			);
			path = Extentions;
			sourceTree = "<group>";
		};
		FF48484527F09C2E002CD220 = {
			isa = PBXGroup;
			children = (
				FF48485027F09C2E002CD220 /* calc */,
				FF48486727F09C36002CD220 /* calcTests */,
				FF48487127F09C36002CD220 /* calcUITests */,
				FF48484F27F09C2E002CD220 /* Products */,
			);
			sourceTree = "<group>";
		};
		FF48484F27F09C2E002CD220 /* Products */ = {
			isa = PBXGroup;
			children = (
				FF48484E27F09C2E002CD220 /* calc.app */,
				FF48486427F09C36002CD220 /* calcTests.xctest */,
				FF48486E27F09C36002CD220 /* calcUITests.xctest */,
			);
			name = Products;
			sourceTree = "<group>";
		};
		FF48485027F09C2E002CD220 /* calc */ = {
			isa = PBXGroup;
			children = (
				FF47807F2842861E006C28F5 /* Extentions */,
				FF48485727F09C2F002CD220 /* Main.storyboard */,
				FF48485C27F09C35002CD220 /* LaunchScreen.storyboard */,
				FF48485127F09C2E002CD220 /* AppDelegate.swift */,
				FF48485327F09C2E002CD220 /* SceneDelegate.swift */,
				FF1A1574283D421300A763DA /* Views */,
				FF1A1572283D420A00A763DA /* Controllers */,
				FF1A1571283D420400A763DA /* Objects */,
				FF1A156A283D417700A763DA /* View Controllers */,
				FF1A1565283D40CD00A763DA /* Delegates */,
				FF48485F27F09C35002CD220 /* Info.plist */,
				FF48485A27F09C35002CD220 /* Assets.xcassets */,
				FF48488327FF0CF9002CD220 /* Currency-list.txt */,
				FFB487E8282954E700FF9988 /* old */,
			);
			path = calc;
			sourceTree = "<group>";
		};
		FF48486727F09C36002CD220 /* calcTests */ = {
			isa = PBXGroup;
			children = (
				FF48486827F09C36002CD220 /* calcTests.swift */,
			);
			path = calcTests;
			sourceTree = "<group>";
		};
		FF48487127F09C36002CD220 /* calcUITests */ = {
			isa = PBXGroup;
			children = (
				FF48487227F09C36002CD220 /* calcUITests.swift */,
				FF48487427F09C36002CD220 /* calcUITestsLaunchTests.swift */,
			);
			path = calcUITests;
			sourceTree = "<group>";
		};
		FFB487E8282954E700FF9988 /* old */ = {
			isa = PBXGroup;
			children = (
				FF930DC0280B70EE000ED6A7 /* TODO.md */,
				FF930DC5282583D3000ED6A7 /* CalculatorHandler.swift */,
				FF930DCB28258459000ED6A7 /* Units.swift */,
				FF1A156328368F8500A763DA /* click-sound.mp3 */,
				FFB487E9282954EC00FF9988 /* ViewController.swift */,
			);
			path = old;
			sourceTree = "<group>";
		};
/* End PBXGroup section */

/* Begin PBXNativeTarget section */
		FF48484D27F09C2E002CD220 /* calc */ = {
			isa = PBXNativeTarget;
			buildConfigurationList = FF48487827F09C36002CD220 /* Build configuration list for PBXNativeTarget "calc" */;
			buildPhases = (
				FF48484A27F09C2E002CD220 /* Sources */,
				FF48484B27F09C2E002CD220 /* Frameworks */,
				FF48484C27F09C2E002CD220 /* Resources */,
			);
			buildRules = (
			);
			dependencies = (
			);
			name = calc;
			productName = calc;
			productReference = FF48484E27F09C2E002CD220 /* calc.app */;
			productType = "com.apple.product-type.application";
		};
		FF48486327F09C36002CD220 /* calcTests */ = {
			isa = PBXNativeTarget;
			buildConfigurationList = FF48487B27F09C36002CD220 /* Build configuration list for PBXNativeTarget "calcTests" */;
			buildPhases = (
				FF48486027F09C36002CD220 /* Sources */,
				FF48486127F09C36002CD220 /* Frameworks */,
				FF48486227F09C36002CD220 /* Resources */,
			);
			buildRules = (
			);
			dependencies = (
				FF48486627F09C36002CD220 /* PBXTargetDependency */,
			);
			name = calcTests;
			productName = calcTests;
			productReference = FF48486427F09C36002CD220 /* calcTests.xctest */;
			productType = "com.apple.product-type.bundle.unit-test";
		};
		FF48486D27F09C36002CD220 /* calcUITests */ = {
			isa = PBXNativeTarget;
			buildConfigurationList = FF48487E27F09C36002CD220 /* Build configuration list for PBXNativeTarget "calcUITests" */;
			buildPhases = (
				FF48486A27F09C36002CD220 /* Sources */,
				FF48486B27F09C36002CD220 /* Frameworks */,
				FF48486C27F09C36002CD220 /* Resources */,
			);
			buildRules = (
			);
			dependencies = (
				FF48487027F09C36002CD220 /* PBXTargetDependency */,
			);
			name = calcUITests;
			productName = calcUITests;
			productReference = FF48486E27F09C36002CD220 /* calcUITests.xctest */;
			productType = "com.apple.product-type.bundle.ui-testing";
		};
/* End PBXNativeTarget section */

/* Begin PBXProject section */
		FF48484627F09C2E002CD220 /* Project object */ = {
			isa = PBXProject;
			attributes = {
				BuildIndependentTargetsInParallel = 1;
				LastSwiftUpdateCheck = 1320;
				LastUpgradeCheck = 1320;
				TargetAttributes = {
					FF48484D27F09C2E002CD220 = {
						CreatedOnToolsVersion = 13.2.1;
					};
					FF48486327F09C36002CD220 = {
						CreatedOnToolsVersion = 13.2.1;
						TestTargetID = FF48484D27F09C2E002CD220;
					};
					FF48486D27F09C36002CD220 = {
						CreatedOnToolsVersion = 13.2.1;
						TestTargetID = FF48484D27F09C2E002CD220;
					};
				};
			};
			buildConfigurationList = FF48484927F09C2E002CD220 /* Build configuration list for PBXProject "calc" */;
			compatibilityVersion = "Xcode 13.0";
			developmentRegion = en;
			hasScannedForEncodings = 0;
			knownRegions = (
				en,
				Base,
			);
			mainGroup = FF48484527F09C2E002CD220;
			productRefGroup = FF48484F27F09C2E002CD220 /* Products */;
			projectDirPath = "";
			projectRoot = "";
			targets = (
				FF48484D27F09C2E002CD220 /* calc */,
				FF48486327F09C36002CD220 /* calcTests */,
				FF48486D27F09C36002CD220 /* calcUITests */,
			);
		};
/* End PBXProject section */

/* Begin PBXResourcesBuildPhase section */
		FF48484C27F09C2E002CD220 /* Resources */ = {
			isa = PBXResourcesBuildPhase;
			buildActionMask = 2147483647;
			files = (
				FF48485E27F09C35002CD220 /* LaunchScreen.storyboard in Resources */,
				FF48485B27F09C35002CD220 /* Assets.xcassets in Resources */,
				FF48485927F09C2F002CD220 /* Main.storyboard in Resources */,
				FF48488427FF5C76002CD220 /* Currency-list.txt in Resources */,
				FF1A156428368F8600A763DA /* click-sound.mp3 in Resources */,
			);
			runOnlyForDeploymentPostprocessing = 0;
		};
		FF48486227F09C36002CD220 /* Resources */ = {
			isa = PBXResourcesBuildPhase;
			buildActionMask = 2147483647;
			files = (
			);
			runOnlyForDeploymentPostprocessing = 0;
		};
		FF48486C27F09C36002CD220 /* Resources */ = {
			isa = PBXResourcesBuildPhase;
			buildActionMask = 2147483647;
			files = (
			);
			runOnlyForDeploymentPostprocessing = 0;
		};
/* End PBXResourcesBuildPhase section */

/* Begin PBXSourcesBuildPhase section */
		FF48484A27F09C2E002CD220 /* Sources */ = {
			isa = PBXSourcesBuildPhase;
			buildActionMask = 2147483647;
			files = (
				FF930DC42814073F000ED6A7 /* ThemeViewController.swift in Sources */,
				FF1A1588283D4E6800A763DA /* Length.swift in Sources */,
				FF1A1580283D441000A763DA /* ColorController.swift in Sources */,
				FF48488227F472F3002CD220 /* UIkeypadView.swift in Sources */,
				FF1A1597283D544D00A763DA /* LengthController.swift in Sources */,
				FF47808128428638006C28F5 /* Extends_NumberFormatter.swift in Sources */,
				FF1A158A283D4E7200A763DA /* Mass.swift in Sources */,
				FF1A1567283D410200A763DA /* UIInterfaceDelegate.swift in Sources */,
				FF1A1599283D545800A763DA /* MassController.swift in Sources */,
				FF1A15A1283D59AC00A763DA /* UIKeypadRow.swift in Sources */,
				FF1A156E283D41BB00A763DA /* MenuViewController.swift in Sources */,
				FF1A158E283D4F3500A763DA /* UIThemeView.swift in Sources */,
				FF48485627F09C2E002CD220 /* ViewController.swift in Sources */,
				FF1A1593283D53F300A763DA /* CurrencyController.swift in Sources */,
				FF1A1584283D4DF300A763DA /* Currency.swift in Sources */,
				FF1A1576283D422F00A763DA /* Unit.swift in Sources */,
				FF930DC228140716000ED6A7 /* SearchUnitViewController.swift in Sources */,
				FF930DCC28258459000ED6A7 /* Units.swift in Sources */,
				FF930DCA28258414000ED6A7 /* UICalculationRowsController.swift in Sources */,
				FF48485227F09C2E002CD220 /* AppDelegate.swift in Sources */,
				FF1A1569283D410C00A763DA /* UIControlDelegate.swift in Sources */,
				FF1A1578283D42AB00A763DA /* UnitContainer.swift in Sources */,
				FF1A159D283D571E00A763DA /* SavedCurrencyController.swift in Sources */,
				FF1A156C283D419A00A763DA /* HeaderViewController.swift in Sources */,
				FF1A157C283D437E00A763DA /* Device.swift in Sources */,
				FF1A1595283D544700A763DA /* TimeController.swift in Sources */,
				FF1A157A283D436300A763DA /* Themes.swift in Sources */,
				FF48485427F09C2E002CD220 /* SceneDelegate.swift in Sources */,
				FF1A157E283D438500A763DA /* Dimensions.swift in Sources */,
				FF1A1570283D41E200A763DA /* Theme.swift in Sources */,
				FF1A158C283D4F2200A763DA /* UIMenuActionButton.swift in Sources */,
				FF1A159B283D547E00A763DA /* CalculatorEntryController.swift in Sources */,
				FF1A159F283D599000A763DA /* UIkeypadButton.swift in Sources */,
				FF930DC828258409000ED6A7 /* UICalculationRow.swift in Sources */,
				FF1A1590283D4F7200A763DA /* UICurrencyTableCell.swift in Sources */,
				FF1A1586283D4E4A00A763DA /* Time.swift in Sources */,
				FF930DC6282583D3000ED6A7 /* CalculatorHandler.swift in Sources */,
			);
			runOnlyForDeploymentPostprocessing = 0;
		};
		FF48486027F09C36002CD220 /* Sources */ = {
			isa = PBXSourcesBuildPhase;
			buildActionMask = 2147483647;
			files = (
				FF48486927F09C36002CD220 /* calcTests.swift in Sources */,
			);
			runOnlyForDeploymentPostprocessing = 0;
		};
		FF48486A27F09C36002CD220 /* Sources */ = {
			isa = PBXSourcesBuildPhase;
			buildActionMask = 2147483647;
			files = (
				FF48487327F09C36002CD220 /* calcUITests.swift in Sources */,
				FF48487527F09C36002CD220 /* calcUITestsLaunchTests.swift in Sources */,
			);
			runOnlyForDeploymentPostprocessing = 0;
		};
/* End PBXSourcesBuildPhase section */

/* Begin PBXTargetDependency section */
		FF48486627F09C36002CD220 /* PBXTargetDependency */ = {
			isa = PBXTargetDependency;
			target = FF48484D27F09C2E002CD220 /* calc */;
			targetProxy = FF48486527F09C36002CD220 /* PBXContainerItemProxy */;
		};
		FF48487027F09C36002CD220 /* PBXTargetDependency */ = {
			isa = PBXTargetDependency;
			target = FF48484D27F09C2E002CD220 /* calc */;
			targetProxy = FF48486F27F09C36002CD220 /* PBXContainerItemProxy */;
		};
/* End PBXTargetDependency section */

/* Begin PBXVariantGroup section */
		FF48485727F09C2F002CD220 /* Main.storyboard */ = {
			isa = PBXVariantGroup;
			children = (
				FF48485827F09C2F002CD220 /* Base */,
			);
			name = Main.storyboard;
			sourceTree = "<group>";
		};
		FF48485C27F09C35002CD220 /* LaunchScreen.storyboard */ = {
			isa = PBXVariantGroup;
			children = (
				FF48485D27F09C35002CD220 /* Base */,
			);
			name = LaunchScreen.storyboard;
			sourceTree = "<group>";
		};
/* End PBXVariantGroup section */

/* Begin XCBuildConfiguration section */
		FF48487627F09C36002CD220 /* Debug */ = {
			isa = XCBuildConfiguration;
			buildSettings = {
				ALWAYS_SEARCH_USER_PATHS = NO;
				CLANG_ANALYZER_NONNULL = YES;
				CLANG_ANALYZER_NUMBER_OBJECT_CONVERSION = YES_AGGRESSIVE;
				CLANG_CXX_LANGUAGE_STANDARD = "gnu++17";
				CLANG_CXX_LIBRARY = "libc++";
				CLANG_ENABLE_MODULES = YES;
				CLANG_ENABLE_OBJC_ARC = YES;
				CLANG_ENABLE_OBJC_WEAK = YES;
				CLANG_WARN_BLOCK_CAPTURE_AUTORELEASING = YES;
				CLANG_WARN_BOOL_CONVERSION = YES;
				CLANG_WARN_COMMA = YES;
				CLANG_WARN_CONSTANT_CONVERSION = YES;
				CLANG_WARN_DEPRECATED_OBJC_IMPLEMENTATIONS = YES;
				CLANG_WARN_DIRECT_OBJC_ISA_USAGE = YES_ERROR;
				CLANG_WARN_DOCUMENTATION_COMMENTS = YES;
				CLANG_WARN_EMPTY_BODY = YES;
				CLANG_WARN_ENUM_CONVERSION = YES;
				CLANG_WARN_INFINITE_RECURSION = YES;
				CLANG_WARN_INT_CONVERSION = YES;
				CLANG_WARN_NON_LITERAL_NULL_CONVERSION = YES;
				CLANG_WARN_OBJC_IMPLICIT_RETAIN_SELF = YES;
				CLANG_WARN_OBJC_LITERAL_CONVERSION = YES;
				CLANG_WARN_OBJC_ROOT_CLASS = YES_ERROR;
				CLANG_WARN_QUOTED_INCLUDE_IN_FRAMEWORK_HEADER = YES;
				CLANG_WARN_RANGE_LOOP_ANALYSIS = YES;
				CLANG_WARN_STRICT_PROTOTYPES = YES;
				CLANG_WARN_SUSPICIOUS_MOVE = YES;
				CLANG_WARN_UNGUARDED_AVAILABILITY = YES_AGGRESSIVE;
				CLANG_WARN_UNREACHABLE_CODE = YES;
				CLANG_WARN__DUPLICATE_METHOD_MATCH = YES;
				COPY_PHASE_STRIP = NO;
				DEBUG_INFORMATION_FORMAT = dwarf;
				ENABLE_STRICT_OBJC_MSGSEND = YES;
				ENABLE_TESTABILITY = YES;
				GCC_C_LANGUAGE_STANDARD = gnu11;
				GCC_DYNAMIC_NO_PIC = NO;
				GCC_NO_COMMON_BLOCKS = YES;
				GCC_OPTIMIZATION_LEVEL = 0;
				GCC_PREPROCESSOR_DEFINITIONS = (
					"DEBUG=1",
					"$(inherited)",
				);
				GCC_WARN_64_TO_32_BIT_CONVERSION = YES;
				GCC_WARN_ABOUT_RETURN_TYPE = YES_ERROR;
				GCC_WARN_UNDECLARED_SELECTOR = YES;
				GCC_WARN_UNINITIALIZED_AUTOS = YES_AGGRESSIVE;
				GCC_WARN_UNUSED_FUNCTION = YES;
				GCC_WARN_UNUSED_VARIABLE = YES;
				IPHONEOS_DEPLOYMENT_TARGET = 15.2;
				MTL_ENABLE_DEBUG_INFO = INCLUDE_SOURCE;
				MTL_FAST_MATH = YES;
				ONLY_ACTIVE_ARCH = YES;
				SDKROOT = iphoneos;
				SWIFT_ACTIVE_COMPILATION_CONDITIONS = DEBUG;
				SWIFT_OPTIMIZATION_LEVEL = "-Onone";
			};
			name = Debug;
		};
		FF48487727F09C36002CD220 /* Release */ = {
			isa = XCBuildConfiguration;
			buildSettings = {
				ALWAYS_SEARCH_USER_PATHS = NO;
				CLANG_ANALYZER_NONNULL = YES;
				CLANG_ANALYZER_NUMBER_OBJECT_CONVERSION = YES_AGGRESSIVE;
				CLANG_CXX_LANGUAGE_STANDARD = "gnu++17";
				CLANG_CXX_LIBRARY = "libc++";
				CLANG_ENABLE_MODULES = YES;
				CLANG_ENABLE_OBJC_ARC = YES;
				CLANG_ENABLE_OBJC_WEAK = YES;
				CLANG_WARN_BLOCK_CAPTURE_AUTORELEASING = YES;
				CLANG_WARN_BOOL_CONVERSION = YES;
				CLANG_WARN_COMMA = YES;
				CLANG_WARN_CONSTANT_CONVERSION = YES;
				CLANG_WARN_DEPRECATED_OBJC_IMPLEMENTATIONS = YES;
				CLANG_WARN_DIRECT_OBJC_ISA_USAGE = YES_ERROR;
				CLANG_WARN_DOCUMENTATION_COMMENTS = YES;
				CLANG_WARN_EMPTY_BODY = YES;
				CLANG_WARN_ENUM_CONVERSION = YES;
				CLANG_WARN_INFINITE_RECURSION = YES;
				CLANG_WARN_INT_CONVERSION = YES;
				CLANG_WARN_NON_LITERAL_NULL_CONVERSION = YES;
				CLANG_WARN_OBJC_IMPLICIT_RETAIN_SELF = YES;
				CLANG_WARN_OBJC_LITERAL_CONVERSION = YES;
				CLANG_WARN_OBJC_ROOT_CLASS = YES_ERROR;
				CLANG_WARN_QUOTED_INCLUDE_IN_FRAMEWORK_HEADER = YES;
				CLANG_WARN_RANGE_LOOP_ANALYSIS = YES;
				CLANG_WARN_STRICT_PROTOTYPES = YES;
				CLANG_WARN_SUSPICIOUS_MOVE = YES;
				CLANG_WARN_UNGUARDED_AVAILABILITY = YES_AGGRESSIVE;
				CLANG_WARN_UNREACHABLE_CODE = YES;
				CLANG_WARN__DUPLICATE_METHOD_MATCH = YES;
				COPY_PHASE_STRIP = NO;
				DEBUG_INFORMATION_FORMAT = "dwarf-with-dsym";
				ENABLE_NS_ASSERTIONS = NO;
				ENABLE_STRICT_OBJC_MSGSEND = YES;
				GCC_C_LANGUAGE_STANDARD = gnu11;
				GCC_NO_COMMON_BLOCKS = YES;
				GCC_WARN_64_TO_32_BIT_CONVERSION = YES;
				GCC_WARN_ABOUT_RETURN_TYPE = YES_ERROR;
				GCC_WARN_UNDECLARED_SELECTOR = YES;
				GCC_WARN_UNINITIALIZED_AUTOS = YES_AGGRESSIVE;
				GCC_WARN_UNUSED_FUNCTION = YES;
				GCC_WARN_UNUSED_VARIABLE = YES;
				IPHONEOS_DEPLOYMENT_TARGET = 15.2;
				MTL_ENABLE_DEBUG_INFO = NO;
				MTL_FAST_MATH = YES;
				SDKROOT = iphoneos;
				SWIFT_COMPILATION_MODE = wholemodule;
				SWIFT_OPTIMIZATION_LEVEL = "-O";
				VALIDATE_PRODUCT = YES;
			};
			name = Release;
		};
		FF48487927F09C36002CD220 /* Debug */ = {
			isa = XCBuildConfiguration;
			buildSettings = {
				ASSETCATALOG_COMPILER_APPICON_NAME = AppIcon;
				ASSETCATALOG_COMPILER_GLOBAL_ACCENT_COLOR_NAME = AccentColor;
				CODE_SIGN_STYLE = Automatic;
				CURRENT_PROJECT_VERSION = 2;
				DEVELOPMENT_TEAM = LUR46Z5LH7;
				GENERATE_INFOPLIST_FILE = YES;
				INFOPLIST_FILE = calc/Info.plist;
				INFOPLIST_KEY_CFBundleDisplayName = "Pro Calculator";
				INFOPLIST_KEY_UIApplicationSupportsIndirectInputEvents = YES;
				INFOPLIST_KEY_UILaunchStoryboardName = LaunchScreen;
				INFOPLIST_KEY_UIMainStoryboardFile = Main;
				INFOPLIST_KEY_UISupportedInterfaceOrientations = "UIInterfaceOrientationPortrait UIInterfaceOrientationPortraitUpsideDown";
				INFOPLIST_KEY_UISupportedInterfaceOrientations_iPad = "UIInterfaceOrientationPortrait UIInterfaceOrientationPortraitUpsideDown UIInterfaceOrientationLandscapeLeft UIInterfaceOrientationLandscapeRight";
				INFOPLIST_KEY_UISupportedInterfaceOrientations_iPhone = UIInterfaceOrientationPortrait;
				IPHONEOS_DEPLOYMENT_TARGET = 14.0;
				LD_RUNPATH_SEARCH_PATHS = (
					"$(inherited)",
					"@executable_path/Frameworks",
				);
				MARKETING_VERSION = 1.1;
				PRODUCT_BUNDLE_IDENTIFIER = com.elirazatia.calc;
				PRODUCT_NAME = "$(TARGET_NAME)";
				SWIFT_EMIT_LOC_STRINGS = YES;
				SWIFT_VERSION = 5.0;
				TARGETED_DEVICE_FAMILY = 1;
			};
			name = Debug;
		};
		FF48487A27F09C36002CD220 /* Release */ = {
			isa = XCBuildConfiguration;
			buildSettings = {
				ASSETCATALOG_COMPILER_APPICON_NAME = AppIcon;
				ASSETCATALOG_COMPILER_GLOBAL_ACCENT_COLOR_NAME = AccentColor;
				CODE_SIGN_STYLE = Automatic;
				CURRENT_PROJECT_VERSION = 2;
				DEVELOPMENT_TEAM = LUR46Z5LH7;
				GENERATE_INFOPLIST_FILE = YES;
				INFOPLIST_FILE = calc/Info.plist;
				INFOPLIST_KEY_CFBundleDisplayName = "Pro Calculator";
				INFOPLIST_KEY_UIApplicationSupportsIndirectInputEvents = YES;
				INFOPLIST_KEY_UILaunchStoryboardName = LaunchScreen;
				INFOPLIST_KEY_UIMainStoryboardFile = Main;
				INFOPLIST_KEY_UISupportedInterfaceOrientations = "UIInterfaceOrientationPortrait UIInterfaceOrientationPortraitUpsideDown";
				INFOPLIST_KEY_UISupportedInterfaceOrientations_iPad = "UIInterfaceOrientationPortrait UIInterfaceOrientationPortraitUpsideDown UIInterfaceOrientationLandscapeLeft UIInterfaceOrientationLandscapeRight";
				INFOPLIST_KEY_UISupportedInterfaceOrientations_iPhone = UIInterfaceOrientationPortrait;
				IPHONEOS_DEPLOYMENT_TARGET = 14.0;
				LD_RUNPATH_SEARCH_PATHS = (
					"$(inherited)",
					"@executable_path/Frameworks",
				);
				MARKETING_VERSION = 1.1;
				PRODUCT_BUNDLE_IDENTIFIER = com.elirazatia.calc;
				PRODUCT_NAME = "$(TARGET_NAME)";
				SWIFT_EMIT_LOC_STRINGS = YES;
				SWIFT_VERSION = 5.0;
				TARGETED_DEVICE_FAMILY = 1;
			};
			name = Release;
		};
		FF48487C27F09C36002CD220 /* Debug */ = {
			isa = XCBuildConfiguration;
			buildSettings = {
				ALWAYS_EMBED_SWIFT_STANDARD_LIBRARIES = YES;
				BUNDLE_LOADER = "$(TEST_HOST)";
				CODE_SIGN_STYLE = Automatic;
				CURRENT_PROJECT_VERSION = 1;
				DEVELOPMENT_TEAM = LUR46Z5LH7;
				GENERATE_INFOPLIST_FILE = YES;
				IPHONEOS_DEPLOYMENT_TARGET = 15.2;
				MARKETING_VERSION = 1.0;
				PRODUCT_BUNDLE_IDENTIFIER = com.elirazatia.calcTests;
				PRODUCT_NAME = "$(TARGET_NAME)";
				SWIFT_EMIT_LOC_STRINGS = NO;
				SWIFT_VERSION = 5.0;
				TARGETED_DEVICE_FAMILY = "1,2";
				TEST_HOST = "$(BUILT_PRODUCTS_DIR)/calc.app/calc";
			};
			name = Debug;
		};
		FF48487D27F09C36002CD220 /* Release */ = {
			isa = XCBuildConfiguration;
			buildSettings = {
				ALWAYS_EMBED_SWIFT_STANDARD_LIBRARIES = YES;
				BUNDLE_LOADER = "$(TEST_HOST)";
				CODE_SIGN_STYLE = Automatic;
				CURRENT_PROJECT_VERSION = 1;
				DEVELOPMENT_TEAM = LUR46Z5LH7;
				GENERATE_INFOPLIST_FILE = YES;
				IPHONEOS_DEPLOYMENT_TARGET = 15.2;
				MARKETING_VERSION = 1.0;
				PRODUCT_BUNDLE_IDENTIFIER = com.elirazatia.calcTests;
				PRODUCT_NAME = "$(TARGET_NAME)";
				SWIFT_EMIT_LOC_STRINGS = NO;
				SWIFT_VERSION = 5.0;
				TARGETED_DEVICE_FAMILY = "1,2";
				TEST_HOST = "$(BUILT_PRODUCTS_DIR)/calc.app/calc";
			};
			name = Release;
		};
		FF48487F27F09C36002CD220 /* Debug */ = {
			isa = XCBuildConfiguration;
			buildSettings = {
				ALWAYS_EMBED_SWIFT_STANDARD_LIBRARIES = YES;
				CODE_SIGN_STYLE = Automatic;
				CURRENT_PROJECT_VERSION = 1;
				DEVELOPMENT_TEAM = LUR46Z5LH7;
				GENERATE_INFOPLIST_FILE = YES;
				MARKETING_VERSION = 1.0;
				PRODUCT_BUNDLE_IDENTIFIER = com.elirazatia.calcUITests;
				PRODUCT_NAME = "$(TARGET_NAME)";
				SWIFT_EMIT_LOC_STRINGS = NO;
				SWIFT_VERSION = 5.0;
				TARGETED_DEVICE_FAMILY = "1,2";
				TEST_TARGET_NAME = calc;
			};
			name = Debug;
		};
		FF48488027F09C36002CD220 /* Release */ = {
			isa = XCBuildConfiguration;
			buildSettings = {
				ALWAYS_EMBED_SWIFT_STANDARD_LIBRARIES = YES;
				CODE_SIGN_STYLE = Automatic;
				CURRENT_PROJECT_VERSION = 1;
				DEVELOPMENT_TEAM = LUR46Z5LH7;
				GENERATE_INFOPLIST_FILE = YES;
				MARKETING_VERSION = 1.0;
				PRODUCT_BUNDLE_IDENTIFIER = com.elirazatia.calcUITests;
				PRODUCT_NAME = "$(TARGET_NAME)";
				SWIFT_EMIT_LOC_STRINGS = NO;
				SWIFT_VERSION = 5.0;
				TARGETED_DEVICE_FAMILY = "1,2";
				TEST_TARGET_NAME = calc;
			};
			name = Release;
		};
/* End XCBuildConfiguration section */

/* Begin XCConfigurationList section */
		FF48484927F09C2E002CD220 /* Build configuration list for PBXProject "calc" */ = {
			isa = XCConfigurationList;
			buildConfigurations = (
				FF48487627F09C36002CD220 /* Debug */,
				FF48487727F09C36002CD220 /* Release */,
			);
			defaultConfigurationIsVisible = 0;
			defaultConfigurationName = Release;
		};
		FF48487827F09C36002CD220 /* Build configuration list for PBXNativeTarget "calc" */ = {
			isa = XCConfigurationList;
			buildConfigurations = (
				FF48487927F09C36002CD220 /* Debug */,
				FF48487A27F09C36002CD220 /* Release */,
			);
			defaultConfigurationIsVisible = 0;
			defaultConfigurationName = Release;
		};
		FF48487B27F09C36002CD220 /* Build configuration list for PBXNativeTarget "calcTests" */ = {
			isa = XCConfigurationList;
			buildConfigurations = (
				FF48487C27F09C36002CD220 /* Debug */,
				FF48487D27F09C36002CD220 /* Release */,
			);
			defaultConfigurationIsVisible = 0;
			defaultConfigurationName = Release;
		};
		FF48487E27F09C36002CD220 /* Build configuration list for PBXNativeTarget "calcUITests" */ = {
			isa = XCConfigurationList;
			buildConfigurations = (
				FF48487F27F09C36002CD220 /* Debug */,
				FF48488027F09C36002CD220 /* Release */,
			);
			defaultConfigurationIsVisible = 0;
			defaultConfigurationName = Release;
		};
/* End XCConfigurationList section */
	};
	rootObject = FF48484627F09C2E002CD220 /* Project object */;
}
